
Microsoft Visual Studio Solution File, Format Version 12.00
# Visual Studio Version 17
VisualStudioVersion = 17.1.32328.378
MinimumVisualStudioVersion = 10.0.40219.1
Project("{2150E333-8FDC-42A3-9474-1A3956D46DE8}") = "Client", "Client", "{F50AC04B-3305-4231-9F8E-0DC57EBB2E62}"
EndProject
Project("{2150E333-8FDC-42A3-9474-1A3956D46DE8}") = "Server", "Server", "{195D278A-5631-4DD7-B0ED-C4A3264B18C9}"
EndProject
Project("{2150E333-8FDC-42A3-9474-1A3956D46DE8}") = "Framework", "Framework", "{D74FBE8D-CF11-4AF7-B1B0-B7CCAD0A0ECE}"
EndProject
Project("{9A19103F-16F7-4668-BE54-9A1E7A4F7556}") = "SupeTools.Service", "SupeTools.Service\SupeTools.Service.csproj", "{3BCA61D5-D35E-4DDA-91E9-99562185A3CA}"
EndProject
Project("{9A19103F-16F7-4668-BE54-9A1E7A4F7556}") = "SuperTools.Api", "SuperTools.Api\SuperTools.Api.csproj", "{10451871-DD19-459F-9A4F-CCE8962BA95F}"
EndProject
Project("{9A19103F-16F7-4668-BE54-9A1E7A4F7556}") = "SuperTools.Data", "SuperTools.Data\SuperTools.Data.csproj", "{11EC1E32-FDAE-47A1-B6AC-A2EAC7198552}"
EndProject
Project("{2150E333-8FDC-42A3-9474-1A3956D46DE8}") = "Trans", "Trans", "{B9657081-A82B-4DFE-A69C-9EF94095532C}"
EndProject
Project("{9A19103F-16F7-4668-BE54-9A1E7A4F7556}") = "SuperTools.Mapper", "SuperTools.Mapper\SuperTools.Mapper.csproj", "{31AAA706-1A18-41C3-B1C6-F4BC573CAD83}"
EndProject
Project("{9A19103F-16F7-4668-BE54-9A1E7A4F7556}") = "SuperTools.VO", "SuperTools.VO\SuperTools.VO.csproj", "{D855713E-55A1-486D-81D4-1A62FC0FE035}"
EndProject
Project("{FAE04EC0-301F-11D3-BF4B-00C04F79EFBC}") = "SuperTools.Form", "SuperTools.Form\SuperTools.Form.csproj", "{3705CB35-A29B-4170-80EB-9F7D778278FE}"
EndProject
Project("{9A19103F-16F7-4668-BE54-9A1E7A4F7556}") = "SuperHelper", "SuperHelper\SuperHelper.csproj", "{89622BAA-9510-413F-8A7E-A8DB1F03B639}"
EndProject
Project("{FAE04EC0-301F-11D3-BF4B-00C04F79EFBC}") = "DevExtControls", "DevExtControls\DevExtControls.csproj", "{837436B5-DFD4-4EA6-813E-6538961B522A}"
EndProject
Global
	GlobalSection(SolutionConfigurationPlatforms) = preSolution
		Debug|Any CPU = Debug|Any CPU
		Release|Any CPU = Release|Any CPU
	EndGlobalSection
	GlobalSection(ProjectConfigurationPlatforms) = postSolution
		{3BCA61D5-D35E-4DDA-91E9-99562185A3CA}.Debug|Any CPU.ActiveCfg = Debug|Any CPU
		{3BCA61D5-D35E-4DDA-91E9-99562185A3CA}.Debug|Any CPU.Build.0 = Debug|Any CPU
		{3BCA61D5-D35E-4DDA-91E9-99562185A3CA}.Release|Any CPU.ActiveCfg = Release|Any CPU
		{3BCA61D5-D35E-4DDA-91E9-99562185A3CA}.Release|Any CPU.Build.0 = Release|Any CPU
		{10451871-DD19-459F-9A4F-CCE8962BA95F}.Debug|Any CPU.ActiveCfg = Debug|Any CPU
		{10451871-DD19-459F-9A4F-CCE8962BA95F}.Debug|Any CPU.Build.0 = Debug|Any CPU
		{10451871-DD19-459F-9A4F-CCE8962BA95F}.Release|Any CPU.ActiveCfg = Release|Any CPU
		{10451871-DD19-459F-9A4F-CCE8962BA95F}.Release|Any CPU.Build.0 = Release|Any CPU
		{11EC1E32-FDAE-47A1-B6AC-A2EAC7198552}.Debug|Any CPU.ActiveCfg = Debug|Any CPU
		{11EC1E32-FDAE-47A1-B6AC-A2EAC7198552}.Debug|Any CPU.Build.0 = Debug|Any CPU
		{11EC1E32-FDAE-47A1-B6AC-A2EAC7198552}.Release|Any CPU.ActiveCfg = Release|Any CPU
		{11EC1E32-FDAE-47A1-B6AC-A2EAC7198552}.Release|Any CPU.Build.0 = Release|Any CPU
		{31AAA706-1A18-41C3-B1C6-F4BC573CAD83}.Debug|Any CPU.ActiveCfg = Debug|Any CPU
		{31AAA706-1A18-41C3-B1C6-F4BC573CAD83}.Debug|Any CPU.Build.0 = Debug|Any CPU
		{31AAA706-1A18-41C3-B1C6-F4BC573CAD83}.Release|Any CPU.ActiveCfg = Release|Any CPU
		{31AAA706-1A18-41C3-B1C6-F4BC573CAD83}.Release|Any CPU.Build.0 = Release|Any CPU
		{D855713E-55A1-486D-81D4-1A62FC0FE035}.Debug|Any CPU.ActiveCfg = Debug|Any CPU
		{D855713E-55A1-486D-81D4-1A62FC0FE035}.Debug|Any CPU.Build.0 = Debug|Any CPU
		{D855713E-55A1-486D-81D4-1A62FC0FE035}.Release|Any CPU.ActiveCfg = Release|Any CPU
		{D855713E-55A1-486D-81D4-1A62FC0FE035}.Release|Any CPU.Build.0 = Release|Any CPU
		{3705CB35-A29B-4170-80EB-9F7D778278FE}.Debug|Any CPU.ActiveCfg = Debug|Any CPU
		{3705CB35-A29B-4170-80EB-9F7D778278FE}.Debug|Any CPU.Build.0 = Debug|Any CPU
		{3705CB35-A29B-4170-80EB-9F7D778278FE}.Release|Any CPU.ActiveCfg = Release|Any CPU
		{3705CB35-A29B-4170-80EB-9F7D778278FE}.Release|Any CPU.Build.0 = Release|Any CPU
		{89622BAA-9510-413F-8A7E-A8DB1F03B639}.Debug|Any CPU.ActiveCfg = Debug|Any CPU
		{89622BAA-9510-413F-8A7E-A8DB1F03B639}.Debug|Any CPU.Build.0 = Debug|Any CPU
		{89622BAA-9510-413F-8A7E-A8DB1F03B639}.Release|Any CPU.ActiveCfg = Release|Any CPU
		{89622BAA-9510-413F-8A7E-A8DB1F03B639}.Release|Any CPU.Build.0 = Release|Any CPU
		{837436B5-DFD4-4EA6-813E-6538961B522A}.Debug|Any CPU.ActiveCfg = Debug|Any CPU
		{837436B5-DFD4-4EA6-813E-6538961B522A}.Debug|Any CPU.Build.0 = Debug|Any CPU
		{837436B5-DFD4-4EA6-813E-6538961B522A}.Release|Any CPU.ActiveCfg = Release|Any CPU
		{837436B5-DFD4-4EA6-813E-6538961B522A}.Release|Any CPU.Build.0 = Release|Any CPU
	EndGlobalSection
	GlobalSection(SolutionProperties) = preSolution
		HideSolutionNode = FALSE
	EndGlobalSection
	GlobalSection(NestedProjects) = preSolution
		{3BCA61D5-D35E-4DDA-91E9-99562185A3CA} = {195D278A-5631-4DD7-B0ED-C4A3264B18C9}
		{10451871-DD19-459F-9A4F-CCE8962BA95F} = {195D278A-5631-4DD7-B0ED-C4A3264B18C9}
		{11EC1E32-FDAE-47A1-B6AC-A2EAC7198552} = {195D278A-5631-4DD7-B0ED-C4A3264B18C9}
		{31AAA706-1A18-41C3-B1C6-F4BC573CAD83} = {B9657081-A82B-4DFE-A69C-9EF94095532C}
		{D855713E-55A1-486D-81D4-1A62FC0FE035} = {B9657081-A82B-4DFE-A69C-9EF94095532C}
		{3705CB35-A29B-4170-80EB-9F7D778278FE} = {F50AC04B-3305-4231-9F8E-0DC57EBB2E62}
		{89622BAA-9510-413F-8A7E-A8DB1F03B639} = {D74FBE8D-CF11-4AF7-B1B0-B7CCAD0A0ECE}
		{837436B5-DFD4-4EA6-813E-6538961B522A} = {F50AC04B-3305-4231-9F8E-0DC57EBB2E62}
	EndGlobalSection
	GlobalSection(ExtensibilityGlobals) = postSolution
		SolutionGuid = {88878574-C892-4C3E-B45D-FFF7CC844A4E}
	EndGlobalSection
EndGlobal
